Microsoft Visual Studio Solution File, Format Version 12.00
# Visual Studio 2012
Project("{FAE04EC0-301F-11D3-BF4B-00C04F79EFBC}") = "New Game Project", "New Game Project.csproj", "{509D087D-F56F-420B-8E30-A268C93828EB}"
EndProject
Global
	GlobalSection(SolutionConfigurationPlatforms) = preSolution
	Debug|Any CPU = Debug|Any CPU
	ExportDebug|Any CPU = ExportDebug|Any CPU
	ExportRelease|Any CPU = ExportRelease|Any CPU
	EndGlobalSection
	GlobalSection(ProjectConfigurationPlatforms) = postSolution
		{509D087D-F56F-420B-8E30-A268C93828EB}.Debug|Any CPU.ActiveCfg = Debug|Any CPU
		{509D087D-F56F-420B-8E30-A268C93828EB}.Debug|Any CPU.Build.0 = Debug|Any CPU
		{509D087D-F56F-420B-8E30-A268C93828EB}.ExportDebug|Any CPU.ActiveCfg = ExportDebug|Any CPU
		{509D087D-F56F-420B-8E30-A268C93828EB}.ExportDebug|Any CPU.Build.0 = ExportDebug|Any CPU
		{509D087D-F56F-420B-8E30-A268C93828EB}.ExportRelease|Any CPU.ActiveCfg = ExportRelease|Any CPU
		{509D087D-F56F-420B-8E30-A268C93828EB}.ExportRelease|Any CPU.Build.0 = ExportRelease|Any CPU
	EndGlobalSection
EndGlobal
